
PODS: 
- AFNetworking (0.9.2)
- EGOTableViewPullRefresh (0.1.0)
- Facebook-iOS-SDK (1.2): 
  - SBJson (= 2.2.3)
- FlurrySDK (4.0.5)
- JSONKit (1.5pre)
- MBProgressHUD (0.5)
- Reachability (3.1.0)
- SBJson (2.2.3)
- SSKeychain (0.1.4)
- SVProgressHUD (0.8)
- ShareKit/Facebook (2.0): 
  - Facebook-iOS-SDK (= 1.2)
  - Reachability
  - SSKeychain
- ShareKit/Twitter (2.0): 
  - JSONKit
  - Reachability
  - SSKeychain
- TTTAttributedLabel (1.4.1)
- YTFExtensions (HEAD based on 0.2.1)

COCOAPODS: 0.15.2

SPEC CHECKSUMS: 
  SVProgressHUD: 51042a14e3a716efdbdd73cbb2181fb23ee94389
  Reachability: 1c8584c5f26fa776695efef95caaa50402c94cfb
  AFNetworking: f4836152723bd3697c9e09d8d4865bda0ed083ff
  ShareKit/Facebook: 91c73dfdacece57259bdf4010d66c1f3dbd9760e
  MBProgressHUD: b23ee11c42253d6d804e8e0bfabdc334e8b2571f
  FlurrySDK: 75dec170404f5cb8344d2097b7e8df23a6ca9325
  ShareKit/Twitter: 91c73dfdacece57259bdf4010d66c1f3dbd9760e
  Facebook-iOS-SDK: 10fb464fef5b9d9d7fa274da4b7ba1b93b0768ae
  SSKeychain: bae692a4354f48691ca3463a121dc8060f781a7d
  EGOTableViewPullRefresh: 6ba637ce6dd3186b503d2d91e6b3a08a26d650f5
  SBJson: cc373c9eed9314a45715e4fb77a1415c45fa056e
  JSONKit: a01a22c75f27eae76b4badd55a91c20fe6e86477
  YTFExtensions: 77f9ea536569e75fb399d6de58773c36c9aa3cea
  TTTAttributedLabel: d4e6d8abb6c91fbdca6d9eb0154d9169515204c2

DEPENDENCIES: 
- AFNetworking (< 0.10)
- EGOTableViewPullRefresh
- FlurrySDK
- JSONKit
- MBProgressHUD
- SVProgressHUD
- ShareKit/Facebook
- ShareKit/Twitter
- TTTAttributedLabel
- YTFExtensions (HEAD)
