// !$*UTF8*$!
{
	archiveVersion = 1;
	classes = {
	};
	objectVersion = 46;
	objects = {

/* Begin PBXBuildFile section */
		D0114E7E15851BEB00D27777 /* Configuration.m in Sources */ = {isa = PBXBuildFile; fileRef = D0114E7D15851BEB00D27777 /* Configuration.m */; };
		D0114E8215851E5100D27777 /* CapoeiraLyricsAPI.m in Sources */ = {isa = PBXBuildFile; fileRef = D0114E8115851E5100D27777 /* CapoeiraLyricsAPI.m */; };
		D0114E8515851FAC00D27777 /* Song.m in Sources */ = {isa = PBXBuildFile; fileRef = D0114E8415851FAC00D27777 /* Song.m */; };
		D0114E881585241500D27777 /* BaseViewController.m in Sources */ = {isa = PBXBuildFile; fileRef = D0114E871585241500D27777 /* BaseViewController.m */; };
		D0114E8A158528DC00D27777 /* star.png in Resources */ = {isa = PBXBuildFile; fileRef = D0114E89158528DC00D27777 /* star.png */; };
		D0114E911585297800D27777 /* DetailsViewController.m in Sources */ = {isa = PBXBuildFile; fileRef = D0114E8F1585297800D27777 /* DetailsViewController.m */; };
		D0114E94158529A400D27777 /* DetailsViewController.xib in Resources */ = {isa = PBXBuildFile; fileRef = D0114E93158529A400D27777 /* DetailsViewController.xib */; };
		D030C41E159089F600C85548 /* Security.framework in Frameworks */ = {isa = PBXBuildFile; fileRef = D030C41D159089F600C85548 /* Security.framework */; };
		D030C421159089FC00C85548 /* SystemConfiguration.framework in Frameworks */ = {isa = PBXBuildFile; fileRef = D030C420159089FC00C85548 /* SystemConfiguration.framework */; };
		D030C42315908A0400C85548 /* MessageUI.framework in Frameworks */ = {isa = PBXBuildFile; fileRef = D030C42215908A0400C85548 /* MessageUI.framework */; };
		D030C42615908C9700C85548 /* CapoeiraLyricsSHKConfigurator.m in Sources */ = {isa = PBXBuildFile; fileRef = D030C42515908C9700C85548 /* CapoeiraLyricsSHKConfigurator.m */; };
		D030C4291590E62500C85548 /* GetAllSongsFull.json in Resources */ = {isa = PBXBuildFile; fileRef = D030C4281590E62500C85548 /* GetAllSongsFull.json */; };
		D07E1831157F8BFD00AA5987 /* SongsViewController.m in Sources */ = {isa = PBXBuildFile; fileRef = D07E1824157F8BFD00AA5987 /* SongsViewController.m */; };
		D07E1832157F8BFD00AA5987 /* FavouritesViewController.m in Sources */ = {isa = PBXBuildFile; fileRef = D07E1826157F8BFD00AA5987 /* FavouritesViewController.m */; };
		D07E1837157F8BFD00AA5987 /* SongsViewController.xib in Resources */ = {isa = PBXBuildFile; fileRef = D07E182F157F8BFD00AA5987 /* SongsViewController.xib */; };
		D07E1838157F8BFD00AA5987 /* FavouritesViewController.xib in Resources */ = {isa = PBXBuildFile; fileRef = D07E1830157F8BFD00AA5987 /* FavouritesViewController.xib */; };
		D07E183E157F8D4F00AA5987 /* group.png in Resources */ = {isa = PBXBuildFile; fileRef = D07E1839157F8D4F00AA5987 /* group.png */; };
		D07E183F157F8D4F00AA5987 /* microphone.png in Resources */ = {isa = PBXBuildFile; fileRef = D07E183A157F8D4F00AA5987 /* microphone.png */; };
		D07E1840157F8D4F00AA5987 /* note.png in Resources */ = {isa = PBXBuildFile; fileRef = D07E183B157F8D4F00AA5987 /* note.png */; };
		D07E1841157F8D4F00AA5987 /* note2.png in Resources */ = {isa = PBXBuildFile; fileRef = D07E183C157F8D4F00AA5987 /* note2.png */; };
		D07E1842157F8D4F00AA5987 /* user.png in Resources */ = {isa = PBXBuildFile; fileRef = D07E183D157F8D4F00AA5987 /* user.png */; };
		D07E1844157F8F3F00AA5987 /* background.png in Resources */ = {isa = PBXBuildFile; fileRef = D07E1843157F8F3F00AA5987 /* background.png */; };
		D07E1849157F916F00AA5987 /* Default.png in Resources */ = {isa = PBXBuildFile; fileRef = D07E1847157F916F00AA5987 /* Default.png */; };
		D07E184A157F916F00AA5987 /* Default@2x.png in Resources */ = {isa = PBXBuildFile; fileRef = D07E1848157F916F00AA5987 /* Default@2x.png */; };
		D07E1850157F9FDB00AA5987 /* cell_pattern.png in Resources */ = {isa = PBXBuildFile; fileRef = D07E184F157F9FDB00AA5987 /* cell_pattern.png */; };
		D08DB9B9157F4EBE00994BDC /* UIKit.framework in Frameworks */ = {isa = PBXBuildFile; fileRef = D08DB9B8157F4EBE00994BDC /* UIKit.framework */; };
		D08DB9BB157F4EBE00994BDC /* Foundation.framework in Frameworks */ = {isa = PBXBuildFile; fileRef = D08DB9BA157F4EBE00994BDC /* Foundation.framework */; };
		D08DB9BD157F4EBE00994BDC /* CoreGraphics.framework in Frameworks */ = {isa = PBXBuildFile; fileRef = D08DB9BC157F4EBE00994BDC /* CoreGraphics.framework */; };
		D08DB9C3157F4EBE00994BDC /* InfoPlist.strings in Resources */ = {isa = PBXBuildFile; fileRef = D08DB9C1157F4EBE00994BDC /* InfoPlist.strings */; };
		D08DB9C5157F4EBE00994BDC /* main.m in Sources */ = {isa = PBXBuildFile; fileRef = D08DB9C4157F4EBE00994BDC /* main.m */; };
		D08DB9C9157F4EBE00994BDC /* AppDelegate.m in Sources */ = {isa = PBXBuildFile; fileRef = D08DB9C8157F4EBE00994BDC /* AppDelegate.m */; };
		D0B83F261588B3B70075C2F0 /* TagsView.m in Sources */ = {isa = PBXBuildFile; fileRef = D0B83F251588B3B70075C2F0 /* TagsView.m */; };
		D0B83F291588B4320075C2F0 /* Tag.m in Sources */ = {isa = PBXBuildFile; fileRef = D0B83F281588B4320075C2F0 /* Tag.m */; };
		D0B83F2F1588BA8A0075C2F0 /* CoreText.framework in Frameworks */ = {isa = PBXBuildFile; fileRef = D0B83F2E1588BA890075C2F0 /* CoreText.framework */; };
		D0CD6032158A4FFE00EB7502 /* star_disabled.png in Resources */ = {isa = PBXBuildFile; fileRef = D0CD6030158A4FFE00EB7502 /* star_disabled.png */; };
		D0CD6033158A4FFE00EB7502 /* star_enabled.png in Resources */ = {isa = PBXBuildFile; fileRef = D0CD6031158A4FFE00EB7502 /* star_enabled.png */; };
		DF4D5B959AFC4275888C1745 /* libPods.a in Frameworks */ = {isa = PBXBuildFile; fileRef = 35E8594728BF4B41AECDDE16 /* libPods.a */; };
/* End PBXBuildFile section */

/* Begin PBXFileReference section */
		35E8594728BF4B41AECDDE16 /* libPods.a */ = {isa = PBXFileReference; explicitFileType = archive.ar; includeInIndex = 0; path = libPods.a; sourceTree = BUILT_PRODUCTS_DIR; };
		5E487E0840E14CE6BAD9DB39 /* Pods.xcconfig */ = {isa = PBXFileReference; lastKnownFileType = text.xcconfig; name = Pods.xcconfig; path = Pods/Pods.xcconfig; sourceTree = SOURCE_ROOT; };
		D0114E7C15851BEB00D27777 /* Configuration.h */ = {isa = PBXFileReference; fileEncoding = 4; lastKnownFileType = sourcecode.c.h; path = Configuration.h; sourceTree = "<group>"; };
		D0114E7D15851BEB00D27777 /* Configuration.m */ = {isa = PBXFileReference; fileEncoding = 4; lastKnownFileType = sourcecode.c.objc; path = Configuration.m; sourceTree = "<group>"; };
		D0114E8015851E5100D27777 /* CapoeiraLyricsAPI.h */ = {isa = PBXFileReference; fileEncoding = 4; lastKnownFileType = sourcecode.c.h; path = CapoeiraLyricsAPI.h; sourceTree = "<group>"; };
		D0114E8115851E5100D27777 /* CapoeiraLyricsAPI.m */ = {isa = PBXFileReference; fileEncoding = 4; lastKnownFileType = sourcecode.c.objc; path = CapoeiraLyricsAPI.m; sourceTree = "<group>"; };
		D0114E8315851FAC00D27777 /* Song.h */ = {isa = PBXFileReference; fileEncoding = 4; lastKnownFileType = sourcecode.c.h; path = Song.h; sourceTree = "<group>"; };
		D0114E8415851FAC00D27777 /* Song.m */ = {isa = PBXFileReference; fileEncoding = 4; lastKnownFileType = sourcecode.c.objc; path = Song.m; sourceTree = "<group>"; };
		D0114E861585241500D27777 /* BaseViewController.h */ = {isa = PBXFileReference; fileEncoding = 4; lastKnownFileType = sourcecode.c.h; path = BaseViewController.h; sourceTree = "<group>"; };
		D0114E871585241500D27777 /* BaseViewController.m */ = {isa = PBXFileReference; fileEncoding = 4; lastKnownFileType = sourcecode.c.objc; path = BaseViewController.m; sourceTree = "<group>"; };
		D0114E89158528DC00D27777 /* star.png */ = {isa = PBXFileReference; lastKnownFileType = image.png; path = star.png; sourceTree = "<group>"; };
		D0114E8E1585297800D27777 /* DetailsViewController.h */ = {isa = PBXFileReference; fileEncoding = 4; lastKnownFileType = sourcecode.c.h; path = DetailsViewController.h; sourceTree = "<group>"; };
		D0114E8F1585297800D27777 /* DetailsViewController.m */ = {isa = PBXFileReference; fileEncoding = 4; lastKnownFileType = sourcecode.c.objc; path = DetailsViewController.m; sourceTree = "<group>"; };
		D0114E93158529A400D27777 /* DetailsViewController.xib */ = {isa = PBXFileReference; fileEncoding = 4; lastKnownFileType = file.xib; path = DetailsViewController.xib; sourceTree = "<group>"; };
		D030C41D159089F600C85548 /* Security.framework */ = {isa = PBXFileReference; lastKnownFileType = wrapper.framework; name = Security.framework; path = System/Library/Frameworks/Security.framework; sourceTree = SDKROOT; };
		D030C420159089FC00C85548 /* SystemConfiguration.framework */ = {isa = PBXFileReference; lastKnownFileType = wrapper.framework; name = SystemConfiguration.framework; path = System/Library/Frameworks/SystemConfiguration.framework; sourceTree = SDKROOT; };
		D030C42215908A0400C85548 /* MessageUI.framework */ = {isa = PBXFileReference; lastKnownFileType = wrapper.framework; name = MessageUI.framework; path = System/Library/Frameworks/MessageUI.framework; sourceTree = SDKROOT; };
		D030C42415908C9700C85548 /* CapoeiraLyricsSHKConfigurator.h */ = {isa = PBXFileReference; fileEncoding = 4; lastKnownFileType = sourcecode.c.h; path = CapoeiraLyricsSHKConfigurator.h; sourceTree = "<group>"; };
		D030C42515908C9700C85548 /* CapoeiraLyricsSHKConfigurator.m */ = {isa = PBXFileReference; fileEncoding = 4; lastKnownFileType = sourcecode.c.objc; path = CapoeiraLyricsSHKConfigurator.m; sourceTree = "<group>"; };
		D030C4281590E62500C85548 /* GetAllSongsFull.json */ = {isa = PBXFileReference; fileEncoding = 4; lastKnownFileType = text.json; path = GetAllSongsFull.json; sourceTree = "<group>"; };
		D07E1823157F8BFD00AA5987 /* SongsViewController.h */ = {isa = PBXFileReference; fileEncoding = 4; lastKnownFileType = sourcecode.c.h; path = SongsViewController.h; sourceTree = "<group>"; };
		D07E1824157F8BFD00AA5987 /* SongsViewController.m */ = {isa = PBXFileReference; fileEncoding = 4; lastKnownFileType = sourcecode.c.objc; path = SongsViewController.m; sourceTree = "<group>"; };
		D07E1825157F8BFD00AA5987 /* FavouritesViewController.h */ = {isa = PBXFileReference; fileEncoding = 4; lastKnownFileType = sourcecode.c.h; path = FavouritesViewController.h; sourceTree = "<group>"; };
		D07E1826157F8BFD00AA5987 /* FavouritesViewController.m */ = {isa = PBXFileReference; fileEncoding = 4; lastKnownFileType = sourcecode.c.objc; path = FavouritesViewController.m; sourceTree = "<group>"; };
		D07E182F157F8BFD00AA5987 /* SongsViewController.xib */ = {isa = PBXFileReference; fileEncoding = 4; lastKnownFileType = file.xib; path = SongsViewController.xib; sourceTree = "<group>"; };
		D07E1830157F8BFD00AA5987 /* FavouritesViewController.xib */ = {isa = PBXFileReference; fileEncoding = 4; lastKnownFileType = file.xib; path = FavouritesViewController.xib; sourceTree = "<group>"; };
		D07E1839157F8D4F00AA5987 /* group.png */ = {isa = PBXFileReference; lastKnownFileType = image.png; path = group.png; sourceTree = "<group>"; };
		D07E183A157F8D4F00AA5987 /* microphone.png */ = {isa = PBXFileReference; lastKnownFileType = image.png; path = microphone.png; sourceTree = "<group>"; };
		D07E183B157F8D4F00AA5987 /* note.png */ = {isa = PBXFileReference; lastKnownFileType = image.png; path = note.png; sourceTree = "<group>"; };
		D07E183C157F8D4F00AA5987 /* note2.png */ = {isa = PBXFileReference; lastKnownFileType = image.png; path = note2.png; sourceTree = "<group>"; };
		D07E183D157F8D4F00AA5987 /* user.png */ = {isa = PBXFileReference; lastKnownFileType = image.png; path = user.png; sourceTree = "<group>"; };
		D07E1843157F8F3F00AA5987 /* background.png */ = {isa = PBXFileReference; lastKnownFileType = image.png; path = background.png; sourceTree = "<group>"; };
		D07E1847157F916F00AA5987 /* Default.png */ = {isa = PBXFileReference; lastKnownFileType = image.png; path = Default.png; sourceTree = "<group>"; };
		D07E1848157F916F00AA5987 /* Default@2x.png */ = {isa = PBXFileReference; lastKnownFileType = image.png; path = "Default@2x.png"; sourceTree = "<group>"; };
		D07E184F157F9FDB00AA5987 /* cell_pattern.png */ = {isa = PBXFileReference; lastKnownFileType = image.png; path = cell_pattern.png; sourceTree = "<group>"; };
		D08DB9B4157F4EBE00994BDC /* CapoeiraLyrics.app */ = {isa = PBXFileReference; explicitFileType = wrapper.application; includeInIndex = 0; path = CapoeiraLyrics.app; sourceTree = BUILT_PRODUCTS_DIR; };
		D08DB9B8157F4EBE00994BDC /* UIKit.framework */ = {isa = PBXFileReference; lastKnownFileType = wrapper.framework; name = UIKit.framework; path = System/Library/Frameworks/UIKit.framework; sourceTree = SDKROOT; };
		D08DB9BA157F4EBE00994BDC /* Foundation.framework */ = {isa = PBXFileReference; lastKnownFileType = wrapper.framework; name = Foundation.framework; path = System/Library/Frameworks/Foundation.framework; sourceTree = SDKROOT; };
		D08DB9BC157F4EBE00994BDC /* CoreGraphics.framework */ = {isa = PBXFileReference; lastKnownFileType = wrapper.framework; name = CoreGraphics.framework; path = System/Library/Frameworks/CoreGraphics.framework; sourceTree = SDKROOT; };
		D08DB9C0157F4EBE00994BDC /* CapoeiraLyrics-Info.plist */ = {isa = PBXFileReference; lastKnownFileType = text.plist.xml; path = "CapoeiraLyrics-Info.plist"; sourceTree = "<group>"; };
		D08DB9C2157F4EBE00994BDC /* en */ = {isa = PBXFileReference; lastKnownFileType = text.plist.strings; name = en; path = en.lproj/InfoPlist.strings; sourceTree = "<group>"; };
		D08DB9C4157F4EBE00994BDC /* main.m */ = {isa = PBXFileReference; lastKnownFileType = sourcecode.c.objc; path = main.m; sourceTree = "<group>"; };
		D08DB9C6157F4EBE00994BDC /* CapoeiraLyrics-Prefix.pch */ = {isa = PBXFileReference; lastKnownFileType = sourcecode.c.h; path = "CapoeiraLyrics-Prefix.pch"; sourceTree = "<group>"; };
		D08DB9C7157F4EBE00994BDC /* AppDelegate.h */ = {isa = PBXFileReference; lastKnownFileType = sourcecode.c.h; path = AppDelegate.h; sourceTree = "<group>"; };
		D08DB9C8157F4EBE00994BDC /* AppDelegate.m */ = {isa = PBXFileReference; lastKnownFileType = sourcecode.c.objc; path = AppDelegate.m; sourceTree = "<group>"; };
		D0B83F241588B3B70075C2F0 /* TagsView.h */ = {isa = PBXFileReference; fileEncoding = 4; lastKnownFileType = sourcecode.c.h; path = TagsView.h; sourceTree = "<group>"; };
		D0B83F251588B3B70075C2F0 /* TagsView.m */ = {isa = PBXFileReference; fileEncoding = 4; lastKnownFileType = sourcecode.c.objc; path = TagsView.m; sourceTree = "<group>"; };
		D0B83F271588B4320075C2F0 /* Tag.h */ = {isa = PBXFileReference; fileEncoding = 4; lastKnownFileType = sourcecode.c.h; path = Tag.h; sourceTree = "<group>"; };
		D0B83F281588B4320075C2F0 /* Tag.m */ = {isa = PBXFileReference; fileEncoding = 4; lastKnownFileType = sourcecode.c.objc; path = Tag.m; sourceTree = "<group>"; };
		D0B83F2E1588BA890075C2F0 /* CoreText.framework */ = {isa = PBXFileReference; lastKnownFileType = wrapper.framework; name = CoreText.framework; path = System/Library/Frameworks/CoreText.framework; sourceTree = SDKROOT; };
		D0CD6030158A4FFE00EB7502 /* star_disabled.png */ = {isa = PBXFileReference; lastKnownFileType = image.png; path = star_disabled.png; sourceTree = "<group>"; };
		D0CD6031158A4FFE00EB7502 /* star_enabled.png */ = {isa = PBXFileReference; lastKnownFileType = image.png; path = star_enabled.png; sourceTree = "<group>"; };
/* End PBXFileReference section */

/* Begin PBXFrameworksBuildPhase section */
		D08DB9B1157F4EBE00994BDC /* Frameworks */ = {
			isa = PBXFrameworksBuildPhase;
			buildActionMask = 2147483647;
			files = (
				D030C42315908A0400C85548 /* MessageUI.framework in Frameworks */,
				D030C421159089FC00C85548 /* SystemConfiguration.framework in Frameworks */,
				D030C41E159089F600C85548 /* Security.framework in Frameworks */,
				D0B83F2F1588BA8A0075C2F0 /* CoreText.framework in Frameworks */,
				D08DB9B9157F4EBE00994BDC /* UIKit.framework in Frameworks */,
				D08DB9BB157F4EBE00994BDC /* Foundation.framework in Frameworks */,
				D08DB9BD157F4EBE00994BDC /* CoreGraphics.framework in Frameworks */,
				DF4D5B959AFC4275888C1745 /* libPods.a in Frameworks */,
			);
			runOnlyForDeploymentPostprocessing = 0;
		};
/* End PBXFrameworksBuildPhase section */

/* Begin PBXGroup section */
		D0114E7B15851BEB00D27777 /* Classes */ = {
			isa = PBXGroup;
			children = (
				D0114E7C15851BEB00D27777 /* Configuration.h */,
				D0114E7D15851BEB00D27777 /* Configuration.m */,
			);
			path = Classes;
			sourceTree = "<group>";
		};
		D030C4271590E62500C85548 /* Data */ = {
			isa = PBXGroup;
			children = (
				D030C4281590E62500C85548 /* GetAllSongsFull.json */,
			);
			path = Data;
			sourceTree = "<group>";
		};
		D07E1822157F8BFD00AA5987 /* Controllers */ = {
			isa = PBXGroup;
			children = (
				D07E1823157F8BFD00AA5987 /* SongsViewController.h */,
				D07E1824157F8BFD00AA5987 /* SongsViewController.m */,
				D07E1825157F8BFD00AA5987 /* FavouritesViewController.h */,
				D07E1826157F8BFD00AA5987 /* FavouritesViewController.m */,
				D0114E861585241500D27777 /* BaseViewController.h */,
				D0114E871585241500D27777 /* BaseViewController.m */,
				D0114E8E1585297800D27777 /* DetailsViewController.h */,
				D0114E8F1585297800D27777 /* DetailsViewController.m */,
			);
			path = Controllers;
			sourceTree = "<group>";
		};
		D07E1827157F8BFD00AA5987 /* Model */ = {
			isa = PBXGroup;
			children = (
				D0B83F271588B4320075C2F0 /* Tag.h */,
				D0B83F281588B4320075C2F0 /* Tag.m */,
				D0114E8015851E5100D27777 /* CapoeiraLyricsAPI.h */,
				D0114E8115851E5100D27777 /* CapoeiraLyricsAPI.m */,
				D0114E8315851FAC00D27777 /* Song.h */,
				D0114E8415851FAC00D27777 /* Song.m */,
			);
			path = Model;
			sourceTree = "<group>";
		};
		D07E1828157F8BFD00AA5987 /* Resources */ = {
			isa = PBXGroup;
			children = (
				D030C4271590E62500C85548 /* Data */,
				D07E1829157F8BFD00AA5987 /* Images */,
			);
			path = Resources;
			sourceTree = "<group>";
		};
		D07E1829157F8BFD00AA5987 /* Images */ = {
			isa = PBXGroup;
			children = (
				D0CD6030158A4FFE00EB7502 /* star_disabled.png */,
				D0CD6031158A4FFE00EB7502 /* star_enabled.png */,
				D0114E89158528DC00D27777 /* star.png */,
				D07E184F157F9FDB00AA5987 /* cell_pattern.png */,
				D07E1847157F916F00AA5987 /* Default.png */,
				D07E1848157F916F00AA5987 /* Default@2x.png */,
				D07E1843157F8F3F00AA5987 /* background.png */,
				D07E1839157F8D4F00AA5987 /* group.png */,
				D07E183A157F8D4F00AA5987 /* microphone.png */,
				D07E183B157F8D4F00AA5987 /* note.png */,
				D07E183C157F8D4F00AA5987 /* note2.png */,
				D07E183D157F8D4F00AA5987 /* user.png */,
			);
			path = Images;
			sourceTree = "<group>";
		};
		D07E182E157F8BFD00AA5987 /* Views */ = {
			isa = PBXGroup;
			children = (
				D0114E93158529A400D27777 /* DetailsViewController.xib */,
				D07E182F157F8BFD00AA5987 /* SongsViewController.xib */,
				D07E1830157F8BFD00AA5987 /* FavouritesViewController.xib */,
			);
			path = Views;
			sourceTree = "<group>";
		};
		D08DB9A9157F4EBE00994BDC = {
			isa = PBXGroup;
			children = (
				D08DB9BE157F4EBE00994BDC /* CapoeiraLyrics */,
				D08DB9B7157F4EBE00994BDC /* Frameworks */,
				D08DB9B5157F4EBE00994BDC /* Products */,
				5E487E0840E14CE6BAD9DB39 /* Pods.xcconfig */,
			);
			sourceTree = "<group>";
		};
		D08DB9B5157F4EBE00994BDC /* Products */ = {
			isa = PBXGroup;
			children = (
				D08DB9B4157F4EBE00994BDC /* CapoeiraLyrics.app */,
			);
			name = Products;
			sourceTree = "<group>";
		};
		D08DB9B7157F4EBE00994BDC /* Frameworks */ = {
			isa = PBXGroup;
			children = (
				D030C42215908A0400C85548 /* MessageUI.framework */,
				D030C420159089FC00C85548 /* SystemConfiguration.framework */,
				D030C41D159089F600C85548 /* Security.framework */,
				D0B83F2E1588BA890075C2F0 /* CoreText.framework */,
				D08DB9B8157F4EBE00994BDC /* UIKit.framework */,
				D08DB9BA157F4EBE00994BDC /* Foundation.framework */,
				D08DB9BC157F4EBE00994BDC /* CoreGraphics.framework */,
				35E8594728BF4B41AECDDE16 /* libPods.a */,
			);
			name = Frameworks;
			sourceTree = "<group>";
		};
		D08DB9BE157F4EBE00994BDC /* CapoeiraLyrics */ = {
			isa = PBXGroup;
			children = (
				D0B83F231588B3B60075C2F0 /* Controls */,
				D0114E7B15851BEB00D27777 /* Classes */,
				D07E1822157F8BFD00AA5987 /* Controllers */,
				D07E1827157F8BFD00AA5987 /* Model */,
				D07E1828157F8BFD00AA5987 /* Resources */,
				D07E182E157F8BFD00AA5987 /* Views */,
				D08DB9C7157F4EBE00994BDC /* AppDelegate.h */,
				D08DB9C8157F4EBE00994BDC /* AppDelegate.m */,
				D08DB9BF157F4EBE00994BDC /* Supporting Files */,
			);
			path = CapoeiraLyrics;
			sourceTree = "<group>";
		};
		D08DB9BF157F4EBE00994BDC /* Supporting Files */ = {
			isa = PBXGroup;
			children = (
				D08DB9C0157F4EBE00994BDC /* CapoeiraLyrics-Info.plist */,
				D08DB9C1157F4EBE00994BDC /* InfoPlist.strings */,
				D08DB9C4157F4EBE00994BDC /* main.m */,
				D08DB9C6157F4EBE00994BDC /* CapoeiraLyrics-Prefix.pch */,
				D030C42415908C9700C85548 /* CapoeiraLyricsSHKConfigurator.h */,
				D030C42515908C9700C85548 /* CapoeiraLyricsSHKConfigurator.m */,
			);
			name = "Supporting Files";
			sourceTree = "<group>";
		};
		D0B83F231588B3B60075C2F0 /* Controls */ = {
			isa = PBXGroup;
			children = (
				D0B83F241588B3B70075C2F0 /* TagsView.h */,
				D0B83F251588B3B70075C2F0 /* TagsView.m */,
			);
			path = Controls;
			sourceTree = "<group>";
		};
/* End PBXGroup section */

/* Begin PBXNativeTarget section */
		D08DB9B3157F4EBE00994BDC /* CapoeiraLyrics */ = {
			isa = PBXNativeTarget;
			buildConfigurationList = D08DB9E0157F4EBE00994BDC /* Build configuration list for PBXNativeTarget "CapoeiraLyrics" */;
			buildPhases = (
				D08DB9B0157F4EBE00994BDC /* Sources */,
				D08DB9B1157F4EBE00994BDC /* Frameworks */,
				D08DB9B2157F4EBE00994BDC /* Resources */,
				A5207131F5B247589F481524 /* Copy Pods Resources */,
			);
			buildRules = (
			);
			dependencies = (
			);
			name = CapoeiraLyrics;
			productName = CapoeiraLyrics;
			productReference = D08DB9B4157F4EBE00994BDC /* CapoeiraLyrics.app */;
			productType = "com.apple.product-type.application";
		};
/* End PBXNativeTarget section */

/* Begin PBXProject section */
		D08DB9AB157F4EBE00994BDC /* Project object */ = {
			isa = PBXProject;
			attributes = {
				LastUpgradeCheck = 0430;
			};
			buildConfigurationList = D08DB9AE157F4EBE00994BDC /* Build configuration list for PBXProject "CapoeiraLyrics" */;
			compatibilityVersion = "Xcode 3.2";
			developmentRegion = English;
			hasScannedForEncodings = 0;
			knownRegions = (
				en,
			);
			mainGroup = D08DB9A9157F4EBE00994BDC;
			productRefGroup = D08DB9B5157F4EBE00994BDC /* Products */;
			projectDirPath = "";
			projectRoot = "";
			targets = (
				D08DB9B3157F4EBE00994BDC /* CapoeiraLyrics */,
			);
		};
/* End PBXProject section */

/* Begin PBXResourcesBuildPhase section */
		D08DB9B2157F4EBE00994BDC /* Resources */ = {
			isa = PBXResourcesBuildPhase;
			buildActionMask = 2147483647;
			files = (
				D08DB9C3157F4EBE00994BDC /* InfoPlist.strings in Resources */,
				D07E1837157F8BFD00AA5987 /* SongsViewController.xib in Resources */,
				D07E1838157F8BFD00AA5987 /* FavouritesViewController.xib in Resources */,
				D07E183E157F8D4F00AA5987 /* group.png in Resources */,
				D07E183F157F8D4F00AA5987 /* microphone.png in Resources */,
				D07E1840157F8D4F00AA5987 /* note.png in Resources */,
				D07E1841157F8D4F00AA5987 /* note2.png in Resources */,
				D07E1842157F8D4F00AA5987 /* user.png in Resources */,
				D07E1844157F8F3F00AA5987 /* background.png in Resources */,
				D07E1849157F916F00AA5987 /* Default.png in Resources */,
				D07E184A157F916F00AA5987 /* Default@2x.png in Resources */,
				D07E1850157F9FDB00AA5987 /* cell_pattern.png in Resources */,
				D0114E8A158528DC00D27777 /* star.png in Resources */,
				D0114E94158529A400D27777 /* DetailsViewController.xib in Resources */,
				D0CD6032158A4FFE00EB7502 /* star_disabled.png in Resources */,
				D0CD6033158A4FFE00EB7502 /* star_enabled.png in Resources */,
				D030C4291590E62500C85548 /* GetAllSongsFull.json in Resources */,
			);
			runOnlyForDeploymentPostprocessing = 0;
		};
/* End PBXResourcesBuildPhase section */

/* Begin PBXShellScriptBuildPhase section */
		A5207131F5B247589F481524 /* Copy Pods Resources */ = {
			isa = PBXShellScriptBuildPhase;
			buildActionMask = 2147483647;
			files = (
			);
			inputPaths = (
			);
			name = "Copy Pods Resources";
			outputPaths = (
			);
			runOnlyForDeploymentPostprocessing = 0;
			shellPath = /bin/sh;
			shellScript = "\"${SRCROOT}/Pods/Pods-resources.sh\"\n";
		};
/* End PBXShellScriptBuildPhase section */

/* Begin PBXSourcesBuildPhase section */
		D08DB9B0157F4EBE00994BDC /* Sources */ = {
			isa = PBXSourcesBuildPhase;
			buildActionMask = 2147483647;
			files = (
				D08DB9C5157F4EBE00994BDC /* main.m in Sources */,
				D08DB9C9157F4EBE00994BDC /* AppDelegate.m in Sources */,
				D07E1831157F8BFD00AA5987 /* SongsViewController.m in Sources */,
				D07E1832157F8BFD00AA5987 /* FavouritesViewController.m in Sources */,
				D0114E7E15851BEB00D27777 /* Configuration.m in Sources */,
				D0114E8215851E5100D27777 /* CapoeiraLyricsAPI.m in Sources */,
				D0114E8515851FAC00D27777 /* Song.m in Sources */,
				D0114E881585241500D27777 /* BaseViewController.m in Sources */,
				D0114E911585297800D27777 /* DetailsViewController.m in Sources */,
				D0B83F261588B3B70075C2F0 /* TagsView.m in Sources */,
				D0B83F291588B4320075C2F0 /* Tag.m in Sources */,
				D030C42615908C9700C85548 /* CapoeiraLyricsSHKConfigurator.m in Sources */,
			);
			runOnlyForDeploymentPostprocessing = 0;
		};
/* End PBXSourcesBuildPhase section */

/* Begin PBXVariantGroup section */
		D08DB9C1157F4EBE00994BDC /* InfoPlist.strings */ = {
			isa = PBXVariantGroup;
			children = (
				D08DB9C2157F4EBE00994BDC /* en */,
			);
			name = InfoPlist.strings;
			sourceTree = "<group>";
		};
/* End PBXVariantGroup section */

/* Begin XCBuildConfiguration section */
		D08DB9DE157F4EBE00994BDC /* Debug */ = {
			isa = XCBuildConfiguration;
			buildSettings = {
				ALWAYS_SEARCH_USER_PATHS = NO;
				ARCHS = "$(ARCHS_STANDARD_32_BIT)";
				"CODE_SIGN_IDENTITY[sdk=iphoneos*]" = "iPhone Developer";
				COPY_PHASE_STRIP = NO;
				GCC_C_LANGUAGE_STANDARD = gnu99;
				GCC_DYNAMIC_NO_PIC = NO;
				GCC_OPTIMIZATION_LEVEL = 0;
				GCC_PREPROCESSOR_DEFINITIONS = (
					"DEBUG=1",
					"$(inherited)",
				);
				GCC_SYMBOLS_PRIVATE_EXTERN = NO;
				GCC_VERSION = com.apple.compilers.llvm.clang.1_0;
				GCC_WARN_ABOUT_RETURN_TYPE = YES;
				GCC_WARN_UNINITIALIZED_AUTOS = YES;
				GCC_WARN_UNUSED_VARIABLE = YES;
				IPHONEOS_DEPLOYMENT_TARGET = 5.1;
				SDKROOT = iphoneos;
			};
			name = Debug;
		};
		D08DB9DF157F4EBE00994BDC /* Release */ = {
			isa = XCBuildConfiguration;
			buildSettings = {
				ALWAYS_SEARCH_USER_PATHS = NO;
				ARCHS = "$(ARCHS_STANDARD_32_BIT)";
				"CODE_SIGN_IDENTITY[sdk=iphoneos*]" = "iPhone Developer";
				COPY_PHASE_STRIP = YES;
				GCC_C_LANGUAGE_STANDARD = gnu99;
				GCC_VERSION = com.apple.compilers.llvm.clang.1_0;
				GCC_WARN_ABOUT_RETURN_TYPE = YES;
				GCC_WARN_UNINITIALIZED_AUTOS = YES;
				GCC_WARN_UNUSED_VARIABLE = YES;
				IPHONEOS_DEPLOYMENT_TARGET = 5.1;
				OTHER_CFLAGS = "-DNS_BLOCK_ASSERTIONS=1";
				SDKROOT = iphoneos;
				VALIDATE_PRODUCT = YES;
			};
			name = Release;
		};
		D08DB9E1157F4EBE00994BDC /* Debug */ = {
			isa = XCBuildConfiguration;
			baseConfigurationReference = 5E487E0840E14CE6BAD9DB39 /* Pods.xcconfig */;
			buildSettings = {
				DSTROOT = /tmp/xcodeproj.dst;
				GCC_PRECOMPILE_PREFIX_HEADER = YES;
				GCC_PREFIX_HEADER = "CapoeiraLyrics/CapoeiraLyrics-Prefix.pch";
				GCC_VERSION = com.apple.compilers.llvm.clang.1_0;
				INFOPLIST_FILE = "CapoeiraLyrics/CapoeiraLyrics-Info.plist";
				PRODUCT_NAME = "$(TARGET_NAME)";
				SKIP_INSTALL = YES;
				WRAPPER_EXTENSION = app;
			};
			name = Debug;
		};
		D08DB9E2157F4EBE00994BDC /* Release */ = {
			isa = XCBuildConfiguration;
			baseConfigurationReference = 5E487E0840E14CE6BAD9DB39 /* Pods.xcconfig */;
			buildSettings = {
				DSTROOT = /tmp/xcodeproj.dst;
				GCC_PRECOMPILE_PREFIX_HEADER = YES;
				GCC_PREFIX_HEADER = "CapoeiraLyrics/CapoeiraLyrics-Prefix.pch";
				GCC_VERSION = com.apple.compilers.llvm.clang.1_0;
				INFOPLIST_FILE = "CapoeiraLyrics/CapoeiraLyrics-Info.plist";
				PRODUCT_NAME = "$(TARGET_NAME)";
				SKIP_INSTALL = YES;
				WRAPPER_EXTENSION = app;
			};
			name = Release;
		};
/* End XCBuildConfiguration section */

/* Begin XCConfigurationList section */
		D08DB9AE157F4EBE00994BDC /* Build configuration list for PBXProject "CapoeiraLyrics" */ = {
			isa = XCConfigurationList;
			buildConfigurations = (
				D08DB9DE157F4EBE00994BDC /* Debug */,
				D08DB9DF157F4EBE00994BDC /* Release */,
			);
			defaultConfigurationIsVisible = 0;
			defaultConfigurationName = Release;
		};
		D08DB9E0157F4EBE00994BDC /* Build configuration list for PBXNativeTarget "CapoeiraLyrics" */ = {
			isa = XCConfigurationList;
			buildConfigurations = (
				D08DB9E1157F4EBE00994BDC /* Debug */,
				D08DB9E2157F4EBE00994BDC /* Release */,
			);
			defaultConfigurationIsVisible = 0;
			defaultConfigurationName = Release;
		};
/* End XCConfigurationList section */
	};
	rootObject = D08DB9AB157F4EBE00994BDC /* Project object */;
}
